
Microsoft Visual Studio Solution File, Format Version 12.00
# Visual Studio Version 17
VisualStudioVersion = 17.11.35327.3
MinimumVisualStudioVersion = 10.0.40219.1
Project("{2150E333-8FDC-42A3-9474-1A3956D46DE8}") = "Services", "Services", "{38BBD685-44E5-4401-B56A-02538F2F9BDB}"
EndProject
Project("{2150E333-8FDC-42A3-9474-1A3956D46DE8}") = "Catalog", "Catalog", "{F30B63F0-F445-46A6-8F63-65E51C3FE73C}"
EndProject
Project("{9A19103F-16F7-4668-BE54-9A1E7A4F7556}") = "MultiShop.Catalog", "Services\Catalog\MultiShop.Catalog\MultiShop.Catalog.csproj", "{D9C91E1A-ADF8-4967-BD5E-1E82C904E3C8}"
EndProject
Project("{2150E333-8FDC-42A3-9474-1A3956D46DE8}") = "Discount", "Discount", "{AD1E826C-3357-4B0C-BF46-F803E1CFAD61}"
EndProject
Project("{9A19103F-16F7-4668-BE54-9A1E7A4F7556}") = "MultiShop.Discount", "Services\Discount\MultiShop.Discount\MultiShop.Discount.csproj", "{36C5EC4D-6157-4231-928F-A83CEF1EFAE9}"
EndProject
Project("{2150E333-8FDC-42A3-9474-1A3956D46DE8}") = "Order", "Order", "{310A0A18-AF93-4319-A715-09086200AA56}"
EndProject
Project("{2150E333-8FDC-42A3-9474-1A3956D46DE8}") = "Core", "Core", "{20A80284-2FDC-4E5F-8EE8-3986D147AEC9}"
EndProject
Project("{2150E333-8FDC-42A3-9474-1A3956D46DE8}") = "Infrastructure", "Infrastructure", "{24F3F38A-7CB4-43ED-9C50-AD6C6D14D302}"
EndProject
Project("{2150E333-8FDC-42A3-9474-1A3956D46DE8}") = "Presentation", "Presentation", "{3AF53C6E-BD35-433B-99E3-A7F91092BBBD}"
EndProject
Project("{9A19103F-16F7-4668-BE54-9A1E7A4F7556}") = "MultiShop.Order.Domain", "Services\Order\Core\MultiShop.Order.Domain\MultiShop.Order.Domain.csproj", "{82E10F27-D269-4057-BE4F-32778638FF68}"
EndProject
Project("{9A19103F-16F7-4668-BE54-9A1E7A4F7556}") = "MultiShop.Order.Application", "Services\Order\Core\MultiShop.Order.Application\MultiShop.Order.Application.csproj", "{AABA4687-DD12-4833-9EBE-338346D763B8}"
EndProject
Project("{9A19103F-16F7-4668-BE54-9A1E7A4F7556}") = "MultiShop.Order.Persistance", "Services\Order\Infrastructure\MultiShop.Order.Persistance\MultiShop.Order.Persistance.csproj", "{ADFB4CB5-613A-4B23-A8DD-DC9CFE62DCAE}"
EndProject
Project("{9A19103F-16F7-4668-BE54-9A1E7A4F7556}") = "MultiShop.Order.WebApi", "Services\Order\Presentation\MultiShop.Order.WebApi\MultiShop.Order.WebApi.csproj", "{18A6AED8-BA60-4D90-A28F-E87CC11CF096}"
EndProject
Project("{2150E333-8FDC-42A3-9474-1A3956D46DE8}") = "IdentityServer", "IdentityServer", "{99657DE9-4094-464B-91AB-C77F5096E7CE}"
EndProject
Project("{9A19103F-16F7-4668-BE54-9A1E7A4F7556}") = "MultiShop.IdentityServer", "IdentityServer\MultiShop.IdentityServer\MultiShop.IdentityServer.csproj", "{035EA499-60CF-4114-8D07-8203744C13CF}"
EndProject
Project("{2150E333-8FDC-42A3-9474-1A3956D46DE8}") = "Requirements", "Requirements", "{02312728-CAEE-4982-8DC9-5335BC4C493F}"
	ProjectSection(SolutionItems) = preProject
		LoginIndex.txt = LoginIndex.txt
		OcelotCodeExample.txt = OcelotCodeExample.txt
		OselotLink.txt = OselotLink.txt
		PortainerCmd.txt = PortainerCmd.txt
		PortNumbers.txt = PortNumbers.txt
		SimpleCode.txt = SimpleCode.txt
		UserExample.txt = UserExample.txt
	EndProjectSection
EndProject
Project("{2150E333-8FDC-42A3-9474-1A3956D46DE8}") = "Cargo", "Cargo", "{C6EBEC7A-6316-49D4-9D9A-1A0F3C72B1E9}"
EndProject
Project("{FAE04EC0-301F-11D3-BF4B-00C04F79EFBC}") = "MultiShop.Cargo.Bussiness", "Services\Cargo\MultiShop.Cargo.Bussiness\MultiShop.Cargo.Bussiness.csproj", "{5A5FDA0A-EC64-47BA-AF78-EE06A135B840}"
EndProject
Project("{9A19103F-16F7-4668-BE54-9A1E7A4F7556}") = "MultiShop.Cargo.EntityLayer", "Services\Cargo\MultiShop.Cargo.EntityLayer\MultiShop.Cargo.EntityLayer.csproj", "{4D52977C-4C5D-468A-B940-6F0954E33D25}"
EndProject
Project("{9A19103F-16F7-4668-BE54-9A1E7A4F7556}") = "MultiShop.Cargo.BussinessLayer", "Services\Cargo\MultiShop.Cargo.BussinessLayer\MultiShop.Cargo.BussinessLayer.csproj", "{6F453B3F-6477-4661-AA00-9DC89F558D6B}"
EndProject
Project("{9A19103F-16F7-4668-BE54-9A1E7A4F7556}") = "MultiShop.Cargo.DataAccessLayer", "Services\Cargo\MultiShop.Cargo.DataAccessLayer\MultiShop.Cargo.DataAccessLayer.csproj", "{6B164E42-871C-4A28-AC84-00E75234E77F}"
EndProject
Project("{9A19103F-16F7-4668-BE54-9A1E7A4F7556}") = "MultiShop.Cargo.DtoLayer", "Services\Cargo\MultiShop.Cargo.DtoLayer\MultiShop.Cargo.DtoLayer.csproj", "{C2F2A066-008D-4C61-B6E0-906A20066069}"
EndProject
Project("{9A19103F-16F7-4668-BE54-9A1E7A4F7556}") = "MultiShop.Cargo.WebApi", "Services\Cargo\MultiShop.Cargo.WebApi\MultiShop.Cargo.WebApi.csproj", "{38A78DF6-9FC3-4F81-A29D-3B81D904176B}"
EndProject
Project("{2150E333-8FDC-42A3-9474-1A3956D46DE8}") = "Basket", "Basket", "{FF9092FA-BF2F-48B3-BB63-F4D3CB765360}"
EndProject
Project("{9A19103F-16F7-4668-BE54-9A1E7A4F7556}") = "MultiShop.Basket", "Services\Basket\MultiShop.Basket\MultiShop.Basket.csproj", "{A5AF0581-45EA-4371-86FE-5B36BD4C1C52}"
EndProject
Project("{2150E333-8FDC-42A3-9474-1A3956D46DE8}") = "Frontends", "Frontends", "{26BC1F9E-B91F-4DB4-9C57-8CB1B4DA55EA}"
EndProject
Project("{9A19103F-16F7-4668-BE54-9A1E7A4F7556}") = "MultiShop.WebUI", "Frontends\MultiShop.WebUI\MultiShop.WebUI.csproj", "{326BA2A3-5118-46EE-B471-2BD5047369E1}"
EndProject
Project("{9A19103F-16F7-4668-BE54-9A1E7A4F7556}") = "MultiShop.DtoLayer", "Frontends\MultiShop.DtoLayer\MultiShop.DtoLayer.csproj", "{0FC1C492-9348-47BA-887D-26489EA69372}"
EndProject
Project("{2150E333-8FDC-42A3-9474-1A3956D46DE8}") = "Comment", "Comment", "{2ED5EC91-2505-422A-B48D-57E674E01CEF}"
EndProject
Project("{9A19103F-16F7-4668-BE54-9A1E7A4F7556}") = "MultiShop.Comment", "Services\Comment\MultiShop.Comment\MultiShop.Comment.csproj", "{AFBF8B5A-0A13-4338-B04C-11A17AAAB6D4}"
EndProject
Project("{2150E333-8FDC-42A3-9474-1A3956D46DE8}") = "ApiGateway", "ApiGateway", "{1DC7D113-F978-4403-BE5E-959A0FE8D9AC}"
EndProject
Project("{2150E333-8FDC-42A3-9474-1A3956D46DE8}") = "RapidApi", "RapidApi", "{4453A10F-B1AC-4FC2-82E9-0160D48569B5}"
EndProject
Project("{9A19103F-16F7-4668-BE54-9A1E7A4F7556}") = "MultiShop.OcelotGateway", "ApiGateway\MultiShop.OcelotGateway\MultiShop.OcelotGateway.csproj", "{0F6AAF9C-B226-42D7-A2AE-A9BE2E56C362}"
EndProject
Project("{2150E333-8FDC-42A3-9474-1A3956D46DE8}") = "Payment", "Payment", "{3C60C20B-2C52-4F25-B7E0-8C887B6AD448}"
EndProject
Project("{9A19103F-16F7-4668-BE54-9A1E7A4F7556}") = "MultiShop.Payment", "Services\Payment\MultiShop.Payment\MultiShop.Payment.csproj", "{9D73CFA4-0E91-4A3F-8C0C-33786E1CC80F}"
EndProject
Project("{2150E333-8FDC-42A3-9474-1A3956D46DE8}") = "Images", "Images", "{A6B6C638-F067-423F-8391-3BEA8FD73FDD}"
EndProject
Project("{9A19103F-16F7-4668-BE54-9A1E7A4F7556}") = "MultiShop.Images", "Services\Images\MultiShop.Images\MultiShop.Images.csproj", "{EF570E7A-E089-4E53-BC3C-8862B4EA5017}"
EndProject
Project("{2150E333-8FDC-42A3-9474-1A3956D46DE8}") = "Message", "Message", "{0B8B44B4-1E04-4219-AAC6-F5EB27DED848}"
EndProject
Project("{FAE04EC0-301F-11D3-BF4B-00C04F79EFBC}") = "MultiShop.Message", "Services\Message\MultiShop.Message\MultiShop.Message.csproj", "{ADDD1D51-514E-4AA4-94A0-69FB1CF736DB}"
EndProject
Global
	GlobalSection(SolutionConfigurationPlatforms) = preSolution
		Debug|Any CPU = Debug|Any CPU
		Release|Any CPU = Release|Any CPU
	EndGlobalSection
	GlobalSection(ProjectConfigurationPlatforms) = postSolution
		{D9C91E1A-ADF8-4967-BD5E-1E82C904E3C8}.Debug|Any CPU.ActiveCfg = Debug|Any CPU
		{D9C91E1A-ADF8-4967-BD5E-1E82C904E3C8}.Debug|Any CPU.Build.0 = Debug|Any CPU
		{D9C91E1A-ADF8-4967-BD5E-1E82C904E3C8}.Release|Any CPU.ActiveCfg = Release|Any CPU
		{D9C91E1A-ADF8-4967-BD5E-1E82C904E3C8}.Release|Any CPU.Build.0 = Release|Any CPU
		{36C5EC4D-6157-4231-928F-A83CEF1EFAE9}.Debug|Any CPU.ActiveCfg = Debug|Any CPU
		{36C5EC4D-6157-4231-928F-A83CEF1EFAE9}.Debug|Any CPU.Build.0 = Debug|Any CPU
		{36C5EC4D-6157-4231-928F-A83CEF1EFAE9}.Release|Any CPU.ActiveCfg = Release|Any CPU
		{36C5EC4D-6157-4231-928F-A83CEF1EFAE9}.Release|Any CPU.Build.0 = Release|Any CPU
		{82E10F27-D269-4057-BE4F-32778638FF68}.Debug|Any CPU.ActiveCfg = Debug|Any CPU
		{82E10F27-D269-4057-BE4F-32778638FF68}.Debug|Any CPU.Build.0 = Debug|Any CPU
		{82E10F27-D269-4057-BE4F-32778638FF68}.Release|Any CPU.ActiveCfg = Release|Any CPU
		{82E10F27-D269-4057-BE4F-32778638FF68}.Release|Any CPU.Build.0 = Release|Any CPU
		{AABA4687-DD12-4833-9EBE-338346D763B8}.Debug|Any CPU.ActiveCfg = Debug|Any CPU
		{AABA4687-DD12-4833-9EBE-338346D763B8}.Debug|Any CPU.Build.0 = Debug|Any CPU
		{AABA4687-DD12-4833-9EBE-338346D763B8}.Release|Any CPU.ActiveCfg = Release|Any CPU
		{AABA4687-DD12-4833-9EBE-338346D763B8}.Release|Any CPU.Build.0 = Release|Any CPU
		{ADFB4CB5-613A-4B23-A8DD-DC9CFE62DCAE}.Debug|Any CPU.ActiveCfg = Debug|Any CPU
		{ADFB4CB5-613A-4B23-A8DD-DC9CFE62DCAE}.Debug|Any CPU.Build.0 = Debug|Any CPU
		{ADFB4CB5-613A-4B23-A8DD-DC9CFE62DCAE}.Release|Any CPU.ActiveCfg = Release|Any CPU
		{ADFB4CB5-613A-4B23-A8DD-DC9CFE62DCAE}.Release|Any CPU.Build.0 = Release|Any CPU
		{18A6AED8-BA60-4D90-A28F-E87CC11CF096}.Debug|Any CPU.ActiveCfg = Debug|Any CPU
		{18A6AED8-BA60-4D90-A28F-E87CC11CF096}.Debug|Any CPU.Build.0 = Debug|Any CPU
		{18A6AED8-BA60-4D90-A28F-E87CC11CF096}.Release|Any CPU.ActiveCfg = Release|Any CPU
		{18A6AED8-BA60-4D90-A28F-E87CC11CF096}.Release|Any CPU.Build.0 = Release|Any CPU
		{035EA499-60CF-4114-8D07-8203744C13CF}.Debug|Any CPU.ActiveCfg = Debug|Any CPU
		{035EA499-60CF-4114-8D07-8203744C13CF}.Debug|Any CPU.Build.0 = Debug|Any CPU
		{035EA499-60CF-4114-8D07-8203744C13CF}.Release|Any CPU.ActiveCfg = Release|Any CPU
		{035EA499-60CF-4114-8D07-8203744C13CF}.Release|Any CPU.Build.0 = Release|Any CPU
		{5A5FDA0A-EC64-47BA-AF78-EE06A135B840}.Debug|Any CPU.ActiveCfg = Debug|Any CPU
		{5A5FDA0A-EC64-47BA-AF78-EE06A135B840}.Debug|Any CPU.Build.0 = Debug|Any CPU
		{5A5FDA0A-EC64-47BA-AF78-EE06A135B840}.Release|Any CPU.ActiveCfg = Release|Any CPU
		{5A5FDA0A-EC64-47BA-AF78-EE06A135B840}.Release|Any CPU.Build.0 = Release|Any CPU
		{4D52977C-4C5D-468A-B940-6F0954E33D25}.Debug|Any CPU.ActiveCfg = Debug|Any CPU
		{4D52977C-4C5D-468A-B940-6F0954E33D25}.Debug|Any CPU.Build.0 = Debug|Any CPU
		{4D52977C-4C5D-468A-B940-6F0954E33D25}.Release|Any CPU.ActiveCfg = Release|Any CPU
		{4D52977C-4C5D-468A-B940-6F0954E33D25}.Release|Any CPU.Build.0 = Release|Any CPU
		{6F453B3F-6477-4661-AA00-9DC89F558D6B}.Debug|Any CPU.ActiveCfg = Debug|Any CPU
		{6F453B3F-6477-4661-AA00-9DC89F558D6B}.Debug|Any CPU.Build.0 = Debug|Any CPU
		{6F453B3F-6477-4661-AA00-9DC89F558D6B}.Release|Any CPU.ActiveCfg = Release|Any CPU
		{6F453B3F-6477-4661-AA00-9DC89F558D6B}.Release|Any CPU.Build.0 = Release|Any CPU
		{6B164E42-871C-4A28-AC84-00E75234E77F}.Debug|Any CPU.ActiveCfg = Debug|Any CPU
		{6B164E42-871C-4A28-AC84-00E75234E77F}.Debug|Any CPU.Build.0 = Debug|Any CPU
		{6B164E42-871C-4A28-AC84-00E75234E77F}.Release|Any CPU.ActiveCfg = Release|Any CPU
		{6B164E42-871C-4A28-AC84-00E75234E77F}.Release|Any CPU.Build.0 = Release|Any CPU
		{C2F2A066-008D-4C61-B6E0-906A20066069}.Debug|Any CPU.ActiveCfg = Debug|Any CPU
		{C2F2A066-008D-4C61-B6E0-906A20066069}.Debug|Any CPU.Build.0 = Debug|Any CPU
		{C2F2A066-008D-4C61-B6E0-906A20066069}.Release|Any CPU.ActiveCfg = Release|Any CPU
		{C2F2A066-008D-4C61-B6E0-906A20066069}.Release|Any CPU.Build.0 = Release|Any CPU
		{38A78DF6-9FC3-4F81-A29D-3B81D904176B}.Debug|Any CPU.ActiveCfg = Debug|Any CPU
		{38A78DF6-9FC3-4F81-A29D-3B81D904176B}.Debug|Any CPU.Build.0 = Debug|Any CPU
		{38A78DF6-9FC3-4F81-A29D-3B81D904176B}.Release|Any CPU.ActiveCfg = Release|Any CPU
		{38A78DF6-9FC3-4F81-A29D-3B81D904176B}.Release|Any CPU.Build.0 = Release|Any CPU
		{A5AF0581-45EA-4371-86FE-5B36BD4C1C52}.Debug|Any CPU.ActiveCfg = Debug|Any CPU
		{A5AF0581-45EA-4371-86FE-5B36BD4C1C52}.Debug|Any CPU.Build.0 = Debug|Any CPU
		{A5AF0581-45EA-4371-86FE-5B36BD4C1C52}.Release|Any CPU.ActiveCfg = Release|Any CPU
		{A5AF0581-45EA-4371-86FE-5B36BD4C1C52}.Release|Any CPU.Build.0 = Release|Any CPU
		{326BA2A3-5118-46EE-B471-2BD5047369E1}.Debug|Any CPU.ActiveCfg = Debug|Any CPU
		{326BA2A3-5118-46EE-B471-2BD5047369E1}.Debug|Any CPU.Build.0 = Debug|Any CPU
		{326BA2A3-5118-46EE-B471-2BD5047369E1}.Release|Any CPU.ActiveCfg = Release|Any CPU
		{326BA2A3-5118-46EE-B471-2BD5047369E1}.Release|Any CPU.Build.0 = Release|Any CPU
		{0FC1C492-9348-47BA-887D-26489EA69372}.Debug|Any CPU.ActiveCfg = Debug|Any CPU
		{0FC1C492-9348-47BA-887D-26489EA69372}.Debug|Any CPU.Build.0 = Debug|Any CPU
		{0FC1C492-9348-47BA-887D-26489EA69372}.Release|Any CPU.ActiveCfg = Release|Any CPU
		{0FC1C492-9348-47BA-887D-26489EA69372}.Release|Any CPU.Build.0 = Release|Any CPU
		{AFBF8B5A-0A13-4338-B04C-11A17AAAB6D4}.Debug|Any CPU.ActiveCfg = Debug|Any CPU
		{AFBF8B5A-0A13-4338-B04C-11A17AAAB6D4}.Debug|Any CPU.Build.0 = Debug|Any CPU
		{AFBF8B5A-0A13-4338-B04C-11A17AAAB6D4}.Release|Any CPU.ActiveCfg = Release|Any CPU
		{AFBF8B5A-0A13-4338-B04C-11A17AAAB6D4}.Release|Any CPU.Build.0 = Release|Any CPU
		{0F6AAF9C-B226-42D7-A2AE-A9BE2E56C362}.Debug|Any CPU.ActiveCfg = Debug|Any CPU
		{0F6AAF9C-B226-42D7-A2AE-A9BE2E56C362}.Debug|Any CPU.Build.0 = Debug|Any CPU
		{0F6AAF9C-B226-42D7-A2AE-A9BE2E56C362}.Release|Any CPU.ActiveCfg = Release|Any CPU
		{0F6AAF9C-B226-42D7-A2AE-A9BE2E56C362}.Release|Any CPU.Build.0 = Release|Any CPU
		{9D73CFA4-0E91-4A3F-8C0C-33786E1CC80F}.Debug|Any CPU.ActiveCfg = Debug|Any CPU
		{9D73CFA4-0E91-4A3F-8C0C-33786E1CC80F}.Debug|Any CPU.Build.0 = Debug|Any CPU
		{9D73CFA4-0E91-4A3F-8C0C-33786E1CC80F}.Release|Any CPU.ActiveCfg = Release|Any CPU
		{9D73CFA4-0E91-4A3F-8C0C-33786E1CC80F}.Release|Any CPU.Build.0 = Release|Any CPU
		{EF570E7A-E089-4E53-BC3C-8862B4EA5017}.Debug|Any CPU.ActiveCfg = Debug|Any CPU
		{EF570E7A-E089-4E53-BC3C-8862B4EA5017}.Debug|Any CPU.Build.0 = Debug|Any CPU
		{EF570E7A-E089-4E53-BC3C-8862B4EA5017}.Release|Any CPU.ActiveCfg = Release|Any CPU
		{EF570E7A-E089-4E53-BC3C-8862B4EA5017}.Release|Any CPU.Build.0 = Release|Any CPU
		{ADDD1D51-514E-4AA4-94A0-69FB1CF736DB}.Debug|Any CPU.ActiveCfg = Debug|Any CPU
		{ADDD1D51-514E-4AA4-94A0-69FB1CF736DB}.Debug|Any CPU.Build.0 = Debug|Any CPU
		{ADDD1D51-514E-4AA4-94A0-69FB1CF736DB}.Release|Any CPU.ActiveCfg = Release|Any CPU
		{ADDD1D51-514E-4AA4-94A0-69FB1CF736DB}.Release|Any CPU.Build.0 = Release|Any CPU
	EndGlobalSection
	GlobalSection(SolutionProperties) = preSolution
		HideSolutionNode = FALSE
	EndGlobalSection
	GlobalSection(NestedProjects) = preSolution
		{F30B63F0-F445-46A6-8F63-65E51C3FE73C} = {38BBD685-44E5-4401-B56A-02538F2F9BDB}
		{D9C91E1A-ADF8-4967-BD5E-1E82C904E3C8} = {F30B63F0-F445-46A6-8F63-65E51C3FE73C}
		{AD1E826C-3357-4B0C-BF46-F803E1CFAD61} = {38BBD685-44E5-4401-B56A-02538F2F9BDB}
		{36C5EC4D-6157-4231-928F-A83CEF1EFAE9} = {AD1E826C-3357-4B0C-BF46-F803E1CFAD61}
		{310A0A18-AF93-4319-A715-09086200AA56} = {38BBD685-44E5-4401-B56A-02538F2F9BDB}
		{20A80284-2FDC-4E5F-8EE8-3986D147AEC9} = {310A0A18-AF93-4319-A715-09086200AA56}
		{24F3F38A-7CB4-43ED-9C50-AD6C6D14D302} = {310A0A18-AF93-4319-A715-09086200AA56}
		{3AF53C6E-BD35-433B-99E3-A7F91092BBBD} = {310A0A18-AF93-4319-A715-09086200AA56}
		{82E10F27-D269-4057-BE4F-32778638FF68} = {20A80284-2FDC-4E5F-8EE8-3986D147AEC9}
		{AABA4687-DD12-4833-9EBE-338346D763B8} = {20A80284-2FDC-4E5F-8EE8-3986D147AEC9}
		{ADFB4CB5-613A-4B23-A8DD-DC9CFE62DCAE} = {24F3F38A-7CB4-43ED-9C50-AD6C6D14D302}
		{18A6AED8-BA60-4D90-A28F-E87CC11CF096} = {3AF53C6E-BD35-433B-99E3-A7F91092BBBD}
		{035EA499-60CF-4114-8D07-8203744C13CF} = {99657DE9-4094-464B-91AB-C77F5096E7CE}
		{C6EBEC7A-6316-49D4-9D9A-1A0F3C72B1E9} = {38BBD685-44E5-4401-B56A-02538F2F9BDB}
		{5A5FDA0A-EC64-47BA-AF78-EE06A135B840} = {C6EBEC7A-6316-49D4-9D9A-1A0F3C72B1E9}
		{4D52977C-4C5D-468A-B940-6F0954E33D25} = {C6EBEC7A-6316-49D4-9D9A-1A0F3C72B1E9}
		{6F453B3F-6477-4661-AA00-9DC89F558D6B} = {C6EBEC7A-6316-49D4-9D9A-1A0F3C72B1E9}
		{6B164E42-871C-4A28-AC84-00E75234E77F} = {C6EBEC7A-6316-49D4-9D9A-1A0F3C72B1E9}
		{C2F2A066-008D-4C61-B6E0-906A20066069} = {C6EBEC7A-6316-49D4-9D9A-1A0F3C72B1E9}
		{38A78DF6-9FC3-4F81-A29D-3B81D904176B} = {C6EBEC7A-6316-49D4-9D9A-1A0F3C72B1E9}
		{FF9092FA-BF2F-48B3-BB63-F4D3CB765360} = {38BBD685-44E5-4401-B56A-02538F2F9BDB}
		{A5AF0581-45EA-4371-86FE-5B36BD4C1C52} = {FF9092FA-BF2F-48B3-BB63-F4D3CB765360}
		{326BA2A3-5118-46EE-B471-2BD5047369E1} = {26BC1F9E-B91F-4DB4-9C57-8CB1B4DA55EA}
		{0FC1C492-9348-47BA-887D-26489EA69372} = {26BC1F9E-B91F-4DB4-9C57-8CB1B4DA55EA}
		{2ED5EC91-2505-422A-B48D-57E674E01CEF} = {38BBD685-44E5-4401-B56A-02538F2F9BDB}
		{AFBF8B5A-0A13-4338-B04C-11A17AAAB6D4} = {2ED5EC91-2505-422A-B48D-57E674E01CEF}
		{0F6AAF9C-B226-42D7-A2AE-A9BE2E56C362} = {1DC7D113-F978-4403-BE5E-959A0FE8D9AC}
		{3C60C20B-2C52-4F25-B7E0-8C887B6AD448} = {38BBD685-44E5-4401-B56A-02538F2F9BDB}
		{9D73CFA4-0E91-4A3F-8C0C-33786E1CC80F} = {3C60C20B-2C52-4F25-B7E0-8C887B6AD448}
		{A6B6C638-F067-423F-8391-3BEA8FD73FDD} = {38BBD685-44E5-4401-B56A-02538F2F9BDB}
		{EF570E7A-E089-4E53-BC3C-8862B4EA5017} = {A6B6C638-F067-423F-8391-3BEA8FD73FDD}
		{0B8B44B4-1E04-4219-AAC6-F5EB27DED848} = {38BBD685-44E5-4401-B56A-02538F2F9BDB}
		{ADDD1D51-514E-4AA4-94A0-69FB1CF736DB} = {0B8B44B4-1E04-4219-AAC6-F5EB27DED848}
	EndGlobalSection
	GlobalSection(ExtensibilityGlobals) = postSolution
		SolutionGuid = {4B8A3490-2D62-487D-B620-8E4E3C8290A7}
	EndGlobalSection
EndGlobal
