
Microsoft Visual Studio Solution File, Format Version 12.00
# Visual Studio Version 17
VisualStudioVersion = 17.11.35327.3
MinimumVisualStudioVersion = 10.0.40219.1
Project("{2150E333-8FDC-42A3-9474-1A3956D46DE8}") = "Services", "Services", "{38BBD685-44E5-4401-B56A-02538F2F9BDB}"
EndProject
Project("{2150E333-8FDC-42A3-9474-1A3956D46DE8}") = "Catalog", "Catalog", "{F30B63F0-F445-46A6-8F63-65E51C3FE73C}"
EndProject
Project("{9A19103F-16F7-4668-BE54-9A1E7A4F7556}") = "MultiShop.Catalog", "Services\Catalog\MultiShop.Catalog\MultiShop.Catalog.csproj", "{D9C91E1A-ADF8-4967-BD5E-1E82C904E3C8}"
EndProject
Project("{2150E333-8FDC-42A3-9474-1A3956D46DE8}") = "Discount", "Discount", "{AD1E826C-3357-4B0C-BF46-F803E1CFAD61}"
EndProject
Project("{FAE04EC0-301F-11D3-BF4B-00C04F79EFBC}") = "MultiShop.Discount", "Services\Discount\MultiShop.Discount\MultiShop.Discount.csproj", "{36C5EC4D-6157-4231-928F-A83CEF1EFAE9}"
EndProject
Project("{2150E333-8FDC-42A3-9474-1A3956D46DE8}") = "Order", "Order", "{310A0A18-AF93-4319-A715-09086200AA56}"
EndProject
Project("{2150E333-8FDC-42A3-9474-1A3956D46DE8}") = "Core", "Core", "{20A80284-2FDC-4E5F-8EE8-3986D147AEC9}"
EndProject
Project("{2150E333-8FDC-42A3-9474-1A3956D46DE8}") = "Infrastructure", "Infrastructure", "{24F3F38A-7CB4-43ED-9C50-AD6C6D14D302}"
EndProject
Project("{2150E333-8FDC-42A3-9474-1A3956D46DE8}") = "Presentation", "Presentation", "{3AF53C6E-BD35-433B-99E3-A7F91092BBBD}"
EndProject
Project("{FAE04EC0-301F-11D3-BF4B-00C04F79EFBC}") = "MultiShop.Order.Domain", "Services\Order\Core\MultiShop.Order.Domain\MultiShop.Order.Domain.csproj", "{82E10F27-D269-4057-BE4F-32778638FF68}"
EndProject
Project("{FAE04EC0-301F-11D3-BF4B-00C04F79EFBC}") = "MultiShop.Order.Application", "Services\Order\Core\MultiShop.Order.Application\MultiShop.Order.Application.csproj", "{AABA4687-DD12-4833-9EBE-338346D763B8}"
EndProject
Project("{FAE04EC0-301F-11D3-BF4B-00C04F79EFBC}") = "MultiShop.Order.Persistance", "Services\Order\Infrastructure\MultiShop.Order.Persistance\MultiShop.Order.Persistance.csproj", "{ADFB4CB5-613A-4B23-A8DD-DC9CFE62DCAE}"
EndProject
Project("{FAE04EC0-301F-11D3-BF4B-00C04F79EFBC}") = "MultiShop.Order.WebApi", "Services\Order\Presentation\MultiShop.Order.WebApi\MultiShop.Order.WebApi.csproj", "{18A6AED8-BA60-4D90-A28F-E87CC11CF096}"
EndProject
Global
	GlobalSection(SolutionConfigurationPlatforms) = preSolution
		Debug|Any CPU = Debug|Any CPU
		Release|Any CPU = Release|Any CPU
	EndGlobalSection
	GlobalSection(ProjectConfigurationPlatforms) = postSolution
		{D9C91E1A-ADF8-4967-BD5E-1E82C904E3C8}.Debug|Any CPU.ActiveCfg = Debug|Any CPU
		{D9C91E1A-ADF8-4967-BD5E-1E82C904E3C8}.Debug|Any CPU.Build.0 = Debug|Any CPU
		{D9C91E1A-ADF8-4967-BD5E-1E82C904E3C8}.Release|Any CPU.ActiveCfg = Release|Any CPU
		{D9C91E1A-ADF8-4967-BD5E-1E82C904E3C8}.Release|Any CPU.Build.0 = Release|Any CPU
		{36C5EC4D-6157-4231-928F-A83CEF1EFAE9}.Debug|Any CPU.ActiveCfg = Debug|Any CPU
		{36C5EC4D-6157-4231-928F-A83CEF1EFAE9}.Debug|Any CPU.Build.0 = Debug|Any CPU
		{36C5EC4D-6157-4231-928F-A83CEF1EFAE9}.Release|Any CPU.ActiveCfg = Release|Any CPU
		{36C5EC4D-6157-4231-928F-A83CEF1EFAE9}.Release|Any CPU.Build.0 = Release|Any CPU
		{82E10F27-D269-4057-BE4F-32778638FF68}.Debug|Any CPU.ActiveCfg = Debug|Any CPU
		{82E10F27-D269-4057-BE4F-32778638FF68}.Debug|Any CPU.Build.0 = Debug|Any CPU
		{82E10F27-D269-4057-BE4F-32778638FF68}.Release|Any CPU.ActiveCfg = Release|Any CPU
		{82E10F27-D269-4057-BE4F-32778638FF68}.Release|Any CPU.Build.0 = Release|Any CPU
		{AABA4687-DD12-4833-9EBE-338346D763B8}.Debug|Any CPU.ActiveCfg = Debug|Any CPU
		{AABA4687-DD12-4833-9EBE-338346D763B8}.Debug|Any CPU.Build.0 = Debug|Any CPU
		{AABA4687-DD12-4833-9EBE-338346D763B8}.Release|Any CPU.ActiveCfg = Release|Any CPU
		{AABA4687-DD12-4833-9EBE-338346D763B8}.Release|Any CPU.Build.0 = Release|Any CPU
		{ADFB4CB5-613A-4B23-A8DD-DC9CFE62DCAE}.Debug|Any CPU.ActiveCfg = Debug|Any CPU
		{ADFB4CB5-613A-4B23-A8DD-DC9CFE62DCAE}.Debug|Any CPU.Build.0 = Debug|Any CPU
		{ADFB4CB5-613A-4B23-A8DD-DC9CFE62DCAE}.Release|Any CPU.ActiveCfg = Release|Any CPU
		{ADFB4CB5-613A-4B23-A8DD-DC9CFE62DCAE}.Release|Any CPU.Build.0 = Release|Any CPU
		{18A6AED8-BA60-4D90-A28F-E87CC11CF096}.Debug|Any CPU.ActiveCfg = Debug|Any CPU
		{18A6AED8-BA60-4D90-A28F-E87CC11CF096}.Debug|Any CPU.Build.0 = Debug|Any CPU
		{18A6AED8-BA60-4D90-A28F-E87CC11CF096}.Release|Any CPU.ActiveCfg = Release|Any CPU
		{18A6AED8-BA60-4D90-A28F-E87CC11CF096}.Release|Any CPU.Build.0 = Release|Any CPU
	EndGlobalSection
	GlobalSection(SolutionProperties) = preSolution
		HideSolutionNode = FALSE
	EndGlobalSection
	GlobalSection(NestedProjects) = preSolution
		{F30B63F0-F445-46A6-8F63-65E51C3FE73C} = {38BBD685-44E5-4401-B56A-02538F2F9BDB}
		{D9C91E1A-ADF8-4967-BD5E-1E82C904E3C8} = {F30B63F0-F445-46A6-8F63-65E51C3FE73C}
		{AD1E826C-3357-4B0C-BF46-F803E1CFAD61} = {38BBD685-44E5-4401-B56A-02538F2F9BDB}
		{36C5EC4D-6157-4231-928F-A83CEF1EFAE9} = {AD1E826C-3357-4B0C-BF46-F803E1CFAD61}
		{310A0A18-AF93-4319-A715-09086200AA56} = {38BBD685-44E5-4401-B56A-02538F2F9BDB}
		{20A80284-2FDC-4E5F-8EE8-3986D147AEC9} = {310A0A18-AF93-4319-A715-09086200AA56}
		{24F3F38A-7CB4-43ED-9C50-AD6C6D14D302} = {310A0A18-AF93-4319-A715-09086200AA56}
		{3AF53C6E-BD35-433B-99E3-A7F91092BBBD} = {310A0A18-AF93-4319-A715-09086200AA56}
		{82E10F27-D269-4057-BE4F-32778638FF68} = {20A80284-2FDC-4E5F-8EE8-3986D147AEC9}
		{AABA4687-DD12-4833-9EBE-338346D763B8} = {20A80284-2FDC-4E5F-8EE8-3986D147AEC9}
		{ADFB4CB5-613A-4B23-A8DD-DC9CFE62DCAE} = {24F3F38A-7CB4-43ED-9C50-AD6C6D14D302}
		{18A6AED8-BA60-4D90-A28F-E87CC11CF096} = {3AF53C6E-BD35-433B-99E3-A7F91092BBBD}
	EndGlobalSection
	GlobalSection(ExtensibilityGlobals) = postSolution
		SolutionGuid = {4B8A3490-2D62-487D-B620-8E4E3C8290A7}
	EndGlobalSection
EndGlobal
